
Microsoft Visual Studio Solution File, Format Version 12.00
# Visual Studio 15
VisualStudioVersion = 15.0.26730.10
MinimumVisualStudioVersion = 10.0.40219.1
Project("{FAE04EC0-301F-11D3-BF4B-00C04F79EFBC}") = "Vista", "Vista\Vista.csproj", "{3C24EF83-8ACC-4240-AD21-9D5462F19CDB}"
EndProject
Project("{FAE04EC0-301F-11D3-BF4B-00C04F79EFBC}") = "Modelo", "Modelo\Modelo.csproj", "{69C060F6-9DC2-4122-94F1-0CC9FA2F29AB}"
EndProject
Project("{FAE04EC0-301F-11D3-BF4B-00C04F79EFBC}") = "Controlador", "Controlador\Controlador.csproj", "{512F58FF-F6C0-4792-99AC-1ED1D6D6FB5D}"
EndProject
Project("{FAE04EC0-301F-11D3-BF4B-00C04F79EFBC}") = "AccesoDatos", "AccesoDatos\AccesoDatos.csproj", "{617A2068-9A7B-4FBB-8C19-66ABA3160B94}"
EndProject
Global
	GlobalSection(SolutionConfigurationPlatforms) = preSolution
		Debug|Any CPU = Debug|Any CPU
		Release|Any CPU = Release|Any CPU
	EndGlobalSection
	GlobalSection(ProjectConfigurationPlatforms) = postSolution
		{3C24EF83-8ACC-4240-AD21-9D5462F19CDB}.Debug|Any CPU.ActiveCfg = Debug|Any CPU
		{3C24EF83-8ACC-4240-AD21-9D5462F19CDB}.Debug|Any CPU.Build.0 = Debug|Any CPU
		{3C24EF83-8ACC-4240-AD21-9D5462F19CDB}.Release|Any CPU.ActiveCfg = Release|Any CPU
		{3C24EF83-8ACC-4240-AD21-9D5462F19CDB}.Release|Any CPU.Build.0 = Release|Any CPU
		{69C060F6-9DC2-4122-94F1-0CC9FA2F29AB}.Debug|Any CPU.ActiveCfg = Debug|Any CPU
		{69C060F6-9DC2-4122-94F1-0CC9FA2F29AB}.Debug|Any CPU.Build.0 = Debug|Any CPU
		{69C060F6-9DC2-4122-94F1-0CC9FA2F29AB}.Release|Any CPU.ActiveCfg = Release|Any CPU
		{69C060F6-9DC2-4122-94F1-0CC9FA2F29AB}.Release|Any CPU.Build.0 = Release|Any CPU
		{512F58FF-F6C0-4792-99AC-1ED1D6D6FB5D}.Debug|Any CPU.ActiveCfg = Debug|Any CPU
		{512F58FF-F6C0-4792-99AC-1ED1D6D6FB5D}.Debug|Any CPU.Build.0 = Debug|Any CPU
		{512F58FF-F6C0-4792-99AC-1ED1D6D6FB5D}.Release|Any CPU.ActiveCfg = Release|Any CPU
		{512F58FF-F6C0-4792-99AC-1ED1D6D6FB5D}.Release|Any CPU.Build.0 = Release|Any CPU
		{617A2068-9A7B-4FBB-8C19-66ABA3160B94}.Debug|Any CPU.ActiveCfg = Debug|Any CPU
		{617A2068-9A7B-4FBB-8C19-66ABA3160B94}.Debug|Any CPU.Build.0 = Debug|Any CPU
		{617A2068-9A7B-4FBB-8C19-66ABA3160B94}.Release|Any CPU.ActiveCfg = Release|Any CPU
		{617A2068-9A7B-4FBB-8C19-66ABA3160B94}.Release|Any CPU.Build.0 = Release|Any CPU
	EndGlobalSection
	GlobalSection(SolutionProperties) = preSolution
		HideSolutionNode = FALSE
	EndGlobalSection
	GlobalSection(ExtensibilityGlobals) = postSolution
		SolutionGuid = {1ABC0748-6E3C-4690-B14B-DBD8ED628010}
	EndGlobalSection
EndGlobal
